
Microsoft Visual Studio Solution File, Format Version 12.00
# Visual Studio 15
VisualStudioVersion = 15.0.28307.1000
MinimumVisualStudioVersion = 10.0.40219.1
Project("{FAE04EC0-301F-11D3-BF4B-00C04F79EFBC}") = "RTToolkitSharpExamples", "RTToolkitSharpExamples\RTToolkitSharpExamples.csproj", "{D47C832C-261F-43B6-9F67-75A4173F00AF}"
EndProject
Global
	GlobalSection(SolutionConfigurationPlatforms) = preSolution
		Debug|Any CPU = Debug|Any CPU
		Release|Any CPU = Release|Any CPU
	EndGlobalSection
	GlobalSection(ProjectConfigurationPlatforms) = postSolution
		{D47C832C-261F-43B6-9F67-75A4173F00AF}.Debug|Any CPU.ActiveCfg = Debug|Any CPU
		{D47C832C-261F-43B6-9F67-75A4173F00AF}.Debug|Any CPU.Build.0 = Debug|Any CPU
		{D47C832C-261F-43B6-9F67-75A4173F00AF}.Release|Any CPU.ActiveCfg = Release|Any CPU
		{D47C832C-261F-43B6-9F67-75A4173F00AF}.Release|Any CPU.Build.0 = Release|Any CPU
	EndGlobalSection
	GlobalSection(SolutionProperties) = preSolution
		HideSolutionNode = FALSE
	EndGlobalSection
	GlobalSection(ExtensibilityGlobals) = postSolution
		SolutionGuid = {0DCA3E94-0897-48B9-AEF2-2987688B2EE2}
	EndGlobalSection
EndGlobal
